
Microsoft Visual Studio Solution File, Format Version 12.00
# Visual Studio Version 16
VisualStudioVersion = 16.0.30114.105
MinimumVisualStudioVersion = 10.0.40219.1
Project("{FAE04EC0-301F-11D3-BF4B-00C04F79EFBC}") = "BuberBreakfast", "BuberBreakfast\BuberBreakfast.csproj", "{EC90566C-9FF9-4757-AA7B-5288606D3CAD}"
EndProject
Project("{FAE04EC0-301F-11D3-BF4B-00C04F79EFBC}") = "BuberBreakfast.Contracts", "BuberBreakfast.Contracts\BuberBreakfast.Contracts.csproj", "{9FE17E84-3519-4234-A531-D27698826370}"
EndProject
Global
	GlobalSection(SolutionConfigurationPlatforms) = preSolution
		Debug|Any CPU = Debug|Any CPU
		Release|Any CPU = Release|Any CPU
	EndGlobalSection
	GlobalSection(SolutionProperties) = preSolution
		HideSolutionNode = FALSE
	EndGlobalSection
	GlobalSection(ProjectConfigurationPlatforms) = postSolution
		{EC90566C-9FF9-4757-AA7B-5288606D3CAD}.Debug|Any CPU.ActiveCfg = Debug|Any CPU
		{EC90566C-9FF9-4757-AA7B-5288606D3CAD}.Debug|Any CPU.Build.0 = Debug|Any CPU
		{EC90566C-9FF9-4757-AA7B-5288606D3CAD}.Release|Any CPU.ActiveCfg = Release|Any CPU
		{EC90566C-9FF9-4757-AA7B-5288606D3CAD}.Release|Any CPU.Build.0 = Release|Any CPU
		{9FE17E84-3519-4234-A531-D27698826370}.Debug|Any CPU.ActiveCfg = Debug|Any CPU
		{9FE17E84-3519-4234-A531-D27698826370}.Debug|Any CPU.Build.0 = Debug|Any CPU
		{9FE17E84-3519-4234-A531-D27698826370}.Release|Any CPU.ActiveCfg = Release|Any CPU
		{9FE17E84-3519-4234-A531-D27698826370}.Release|Any CPU.Build.0 = Release|Any CPU
	EndGlobalSection
EndGlobal
